# THIS IS AN AUTOGENERATED FILE. DO NOT EDIT THIS FILE DIRECTLY.
# yarn lockfile v1


lucide-react@^0.363.0:
  version "0.363.0"
  resolved "https://registry.yarnpkg.com/lucide-react/-/lucide-react-0.363.0.tgz#2bb1f9d09b830dda86f5118fcd097f87247fe0e3"
  integrity sha512-AlsfPCsXQyQx7wwsIgzcKOL9LwC498LIMAo+c0Es5PkHJa33xwmYAkkSoKoJWWWSYQEStqu58/jT4tL2gi32uQ==
